// !$*UTF8*$!
{
	archiveVersion = 1;
	classes = {
	};
	objectVersion = 56;
	objects = {

/* Begin PBXBuildFile section */
		323078BC2B9F5C940085DDCE /* SortView.swift in Sources */ = {isa = PBXBuildFile; fileRef = 323078BB2B9F5C940085DDCE /* SortView.swift */; };
		323078BE2B9F5DCD0085DDCE /* SortButton.swift in Sources */ = {isa = PBXBuildFile; fileRef = 323078BD2B9F5DCD0085DDCE /* SortButton.swift */; };
		323078C02B9F65680085DDCE /* SortViewController.swift in Sources */ = {isa = PBXBuildFile; fileRef = 323078BF2B9F65680085DDCE /* SortViewController.swift */; };
		323078C22B9F68240085DDCE /* SortType.swift in Sources */ = {isa = PBXBuildFile; fileRef = 323078C12B9F68240085DDCE /* SortType.swift */; };
		323765BC2B9DF39300315C48 /* LoadingCell.swift in Sources */ = {isa = PBXBuildFile; fileRef = 323765BB2B9DF39300315C48 /* LoadingCell.swift */; };
		323765BE2B9E0EFE00315C48 /* UserCell.swift in Sources */ = {isa = PBXBuildFile; fileRef = 323765BD2B9E0EFE00315C48 /* UserCell.swift */; };
		323765C12B9E1BCE00315C48 /* UserDisplaying.swift in Sources */ = {isa = PBXBuildFile; fileRef = 323765C02B9E1BCE00315C48 /* UserDisplaying.swift */; };
		323FB2502B9F14D3005D6292 /* ErrorView.swift in Sources */ = {isa = PBXBuildFile; fileRef = 323FB24F2B9F14D3005D6292 /* ErrorView.swift */; };
		323FB2522B9F2D54005D6292 /* ImageCache.swift in Sources */ = {isa = PBXBuildFile; fileRef = 323FB2512B9F2D54005D6292 /* ImageCache.swift */; };
		32C0900D2B9C8536000274EB /* AppDelegate.swift in Sources */ = {isa = PBXBuildFile; fileRef = 32C0900C2B9C8536000274EB /* AppDelegate.swift */; };
		32C0900F2B9C8536000274EB /* SceneDelegate.swift in Sources */ = {isa = PBXBuildFile; fileRef = 32C0900E2B9C8536000274EB /* SceneDelegate.swift */; };
		32C090112B9C8536000274EB /* ListViewController.swift in Sources */ = {isa = PBXBuildFile; fileRef = 32C090102B9C8536000274EB /* ListViewController.swift */; };
		32C090162B9C853A000274EB /* Assets.xcassets in Resources */ = {isa = PBXBuildFile; fileRef = 32C090152B9C853A000274EB /* Assets.xcassets */; };
		32C090192B9C853A000274EB /* LaunchScreen.storyboard in Resources */ = {isa = PBXBuildFile; fileRef = 32C090172B9C853A000274EB /* LaunchScreen.storyboard */; };
		32C0902F2B9CAE23000274EB /* User.swift in Sources */ = {isa = PBXBuildFile; fileRef = 32C0902E2B9CAE23000274EB /* User.swift */; };
		32C090312B9CB1A8000274EB /* NetworkService.swift in Sources */ = {isa = PBXBuildFile; fileRef = 32C090302B9CB1A8000274EB /* NetworkService.swift */; };
		32C090332B9CB1B6000274EB /* Endpoint.swift in Sources */ = {isa = PBXBuildFile; fileRef = 32C090322B9CB1B6000274EB /* Endpoint.swift */; };
		32C090362B9CB1CF000274EB /* INetworkService.swift in Sources */ = {isa = PBXBuildFile; fileRef = 32C090352B9CB1CF000274EB /* INetworkService.swift */; };
		32C090392B9CB1E2000274EB /* IEndpoint.swift in Sources */ = {isa = PBXBuildFile; fileRef = 32C090382B9CB1E2000274EB /* IEndpoint.swift */; };
		32C0903B2B9CB2A8000274EB /* Constants.swift in Sources */ = {isa = PBXBuildFile; fileRef = 32C0903A2B9CB2A8000274EB /* Constants.swift */; };
		32C0903D2B9CBEF9000274EB /* Department.swift in Sources */ = {isa = PBXBuildFile; fileRef = 32C0903C2B9CBEF9000274EB /* Department.swift */; };
		32C0903F2B9CCF3F000274EB /* ListView.swift in Sources */ = {isa = PBXBuildFile; fileRef = 32C0903E2B9CCF3F000274EB /* ListView.swift */; };
		32C090412B9CD0AE000274EB /* UIVIew+Style.swift in Sources */ = {isa = PBXBuildFile; fileRef = 32C090402B9CD0AE000274EB /* UIVIew+Style.swift */; };
		32C090432B9CD0E9000274EB /* Autolayout+PropertyWrapper.swift in Sources */ = {isa = PBXBuildFile; fileRef = 32C090422B9CD0E9000274EB /* Autolayout+PropertyWrapper.swift */; };
		32C090472B9CE038000274EB /* ScopeButton.swift in Sources */ = {isa = PBXBuildFile; fileRef = 32C090462B9CE038000274EB /* ScopeButton.swift */; };
		32C090492B9CE16B000274EB /* ScopeBar.swift in Sources */ = {isa = PBXBuildFile; fileRef = 32C090482B9CE16B000274EB /* ScopeBar.swift */; };
		32C0904D2B9D1DEF000274EB /* CustomSearchBar.swift in Sources */ = {isa = PBXBuildFile; fileRef = 32C0904C2B9D1DEF000274EB /* CustomSearchBar.swift */; };
/* End PBXBuildFile section */

/* Begin PBXFileReference section */
		323078BB2B9F5C940085DDCE /* SortView.swift */ = {isa = PBXFileReference; lastKnownFileType = sourcecode.swift; path = SortView.swift; sourceTree = "<group>"; };
		323078BD2B9F5DCD0085DDCE /* SortButton.swift */ = {isa = PBXFileReference; lastKnownFileType = sourcecode.swift; path = SortButton.swift; sourceTree = "<group>"; };
		323078BF2B9F65680085DDCE /* SortViewController.swift */ = {isa = PBXFileReference; lastKnownFileType = sourcecode.swift; path = SortViewController.swift; sourceTree = "<group>"; };
		323078C12B9F68240085DDCE /* SortType.swift */ = {isa = PBXFileReference; lastKnownFileType = sourcecode.swift; path = SortType.swift; sourceTree = "<group>"; };
		323765BB2B9DF39300315C48 /* LoadingCell.swift */ = {isa = PBXFileReference; lastKnownFileType = sourcecode.swift; path = LoadingCell.swift; sourceTree = "<group>"; };
		323765BD2B9E0EFE00315C48 /* UserCell.swift */ = {isa = PBXFileReference; lastKnownFileType = sourcecode.swift; path = UserCell.swift; sourceTree = "<group>"; };
		323765C02B9E1BCE00315C48 /* UserDisplaying.swift */ = {isa = PBXFileReference; lastKnownFileType = sourcecode.swift; path = UserDisplaying.swift; sourceTree = "<group>"; };
		323FB24F2B9F14D3005D6292 /* ErrorView.swift */ = {isa = PBXFileReference; lastKnownFileType = sourcecode.swift; path = ErrorView.swift; sourceTree = "<group>"; };
		323FB2512B9F2D54005D6292 /* ImageCache.swift */ = {isa = PBXFileReference; lastKnownFileType = sourcecode.swift; path = ImageCache.swift; sourceTree = "<group>"; };
		32C090092B9C8536000274EB /* KODETest.app */ = {isa = PBXFileReference; explicitFileType = wrapper.application; includeInIndex = 0; path = KODETest.app; sourceTree = BUILT_PRODUCTS_DIR; };
		32C0900C2B9C8536000274EB /* AppDelegate.swift */ = {isa = PBXFileReference; lastKnownFileType = sourcecode.swift; path = AppDelegate.swift; sourceTree = "<group>"; };
		32C0900E2B9C8536000274EB /* SceneDelegate.swift */ = {isa = PBXFileReference; lastKnownFileType = sourcecode.swift; path = SceneDelegate.swift; sourceTree = "<group>"; };
		32C090102B9C8536000274EB /* ListViewController.swift */ = {isa = PBXFileReference; lastKnownFileType = sourcecode.swift; path = ListViewController.swift; sourceTree = "<group>"; };
		32C090152B9C853A000274EB /* Assets.xcassets */ = {isa = PBXFileReference; lastKnownFileType = folder.assetcatalog; path = Assets.xcassets; sourceTree = "<group>"; };
		32C090182B9C853A000274EB /* Base */ = {isa = PBXFileReference; lastKnownFileType = file.storyboard; name = Base; path = Base.lproj/LaunchScreen.storyboard; sourceTree = "<group>"; };
		32C0901A2B9C853A000274EB /* Info.plist */ = {isa = PBXFileReference; lastKnownFileType = text.plist.xml; path = Info.plist; sourceTree = "<group>"; };
		32C0902E2B9CAE23000274EB /* User.swift */ = {isa = PBXFileReference; lastKnownFileType = sourcecode.swift; path = User.swift; sourceTree = "<group>"; };
		32C090302B9CB1A8000274EB /* NetworkService.swift */ = {isa = PBXFileReference; lastKnownFileType = sourcecode.swift; path = NetworkService.swift; sourceTree = "<group>"; };
		32C090322B9CB1B6000274EB /* Endpoint.swift */ = {isa = PBXFileReference; lastKnownFileType = sourcecode.swift; path = Endpoint.swift; sourceTree = "<group>"; };
		32C090352B9CB1CF000274EB /* INetworkService.swift */ = {isa = PBXFileReference; lastKnownFileType = sourcecode.swift; path = INetworkService.swift; sourceTree = "<group>"; };
		32C090382B9CB1E2000274EB /* IEndpoint.swift */ = {isa = PBXFileReference; lastKnownFileType = sourcecode.swift; path = IEndpoint.swift; sourceTree = "<group>"; };
		32C0903A2B9CB2A8000274EB /* Constants.swift */ = {isa = PBXFileReference; lastKnownFileType = sourcecode.swift; path = Constants.swift; sourceTree = "<group>"; };
		32C0903C2B9CBEF9000274EB /* Department.swift */ = {isa = PBXFileReference; lastKnownFileType = sourcecode.swift; path = Department.swift; sourceTree = "<group>"; };
		32C0903E2B9CCF3F000274EB /* ListView.swift */ = {isa = PBXFileReference; lastKnownFileType = sourcecode.swift; path = ListView.swift; sourceTree = "<group>"; };
		32C090402B9CD0AE000274EB /* UIVIew+Style.swift */ = {isa = PBXFileReference; lastKnownFileType = sourcecode.swift; path = "UIVIew+Style.swift"; sourceTree = "<group>"; };
		32C090422B9CD0E9000274EB /* Autolayout+PropertyWrapper.swift */ = {isa = PBXFileReference; lastKnownFileType = sourcecode.swift; path = "Autolayout+PropertyWrapper.swift"; sourceTree = "<group>"; };
		32C090462B9CE038000274EB /* ScopeButton.swift */ = {isa = PBXFileReference; lastKnownFileType = sourcecode.swift; path = ScopeButton.swift; sourceTree = "<group>"; };
		32C090482B9CE16B000274EB /* ScopeBar.swift */ = {isa = PBXFileReference; lastKnownFileType = sourcecode.swift; path = ScopeBar.swift; sourceTree = "<group>"; };
		32C0904C2B9D1DEF000274EB /* CustomSearchBar.swift */ = {isa = PBXFileReference; lastKnownFileType = sourcecode.swift; path = CustomSearchBar.swift; sourceTree = "<group>"; };
/* End PBXFileReference section */

/* Begin PBXFrameworksBuildPhase section */
		32C090062B9C8536000274EB /* Frameworks */ = {
			isa = PBXFrameworksBuildPhase;
			buildActionMask = 2147483647;
			files = (
			);
			runOnlyForDeploymentPostprocessing = 0;
		};
/* End PBXFrameworksBuildPhase section */

/* Begin PBXGroup section */
		323765BA2B9DF37D00315C48 /* Cells */ = {
			isa = PBXGroup;
			children = (
				323765BF2B9E1BB400315C48 /* Protocols */,
				323765BB2B9DF39300315C48 /* LoadingCell.swift */,
				323765BD2B9E0EFE00315C48 /* UserCell.swift */,
			);
			path = Cells;
			sourceTree = "<group>";
		};
		323765BF2B9E1BB400315C48 /* Protocols */ = {
			isa = PBXGroup;
			children = (
				323765C02B9E1BCE00315C48 /* UserDisplaying.swift */,
			);
			path = Protocols;
			sourceTree = "<group>";
		};
		323FB2532B9F3028005D6292 /* Cache */ = {
			isa = PBXGroup;
			children = (
				323FB2512B9F2D54005D6292 /* ImageCache.swift */,
			);
			path = Cache;
			sourceTree = "<group>";
		};
		32C090002B9C8536000274EB = {
			isa = PBXGroup;
			children = (
				32C0900B2B9C8536000274EB /* KODETest */,
				32C0900A2B9C8536000274EB /* Products */,
			);
			sourceTree = "<group>";
		};
		32C0900A2B9C8536000274EB /* Products */ = {
			isa = PBXGroup;
			children = (
				32C090092B9C8536000274EB /* KODETest.app */,
			);
			name = Products;
			sourceTree = "<group>";
		};
		32C0900B2B9C8536000274EB /* KODETest */ = {
			isa = PBXGroup;
			children = (
				32C090202B9C8669000274EB /* Application */,
				32C090242B9C86A8000274EB /* Models */,
				32C090232B9C86A2000274EB /* Views */,
				32C090222B9C8696000274EB /* Controllers */,
				32C090262B9C86B4000274EB /* Network */,
				323765BA2B9DF37D00315C48 /* Cells */,
				32C090272B9C86CD000274EB /* Supplementary views */,
				323FB2532B9F3028005D6292 /* Cache */,
				32C090282B9C86ED000274EB /* Extensions */,
				32C090292B9C873F000274EB /* Constants */,
				32C090212B9C8681000274EB /* Resources */,
			);
			path = KODETest;
			sourceTree = "<group>";
		};
		32C090202B9C8669000274EB /* Application */ = {
			isa = PBXGroup;
			children = (
				32C0900C2B9C8536000274EB /* AppDelegate.swift */,
				32C0900E2B9C8536000274EB /* SceneDelegate.swift */,
			);
			path = Application;
			sourceTree = "<group>";
		};
		32C090212B9C8681000274EB /* Resources */ = {
			isa = PBXGroup;
			children = (
				32C090152B9C853A000274EB /* Assets.xcassets */,
				32C090172B9C853A000274EB /* LaunchScreen.storyboard */,
				32C0901A2B9C853A000274EB /* Info.plist */,
			);
			path = Resources;
			sourceTree = "<group>";
		};
		32C090222B9C8696000274EB /* Controllers */ = {
			isa = PBXGroup;
			children = (
				32C090102B9C8536000274EB /* ListViewController.swift */,
				323078BF2B9F65680085DDCE /* SortViewController.swift */,
			);
			path = Controllers;
			sourceTree = "<group>";
		};
		32C090232B9C86A2000274EB /* Views */ = {
			isa = PBXGroup;
			children = (
				32C0903E2B9CCF3F000274EB /* ListView.swift */,
				323FB24F2B9F14D3005D6292 /* ErrorView.swift */,
				323078BB2B9F5C940085DDCE /* SortView.swift */,
			);
			path = Views;
			sourceTree = "<group>";
		};
		32C090242B9C86A8000274EB /* Models */ = {
			isa = PBXGroup;
			children = (
				32C0902E2B9CAE23000274EB /* User.swift */,
				32C0903C2B9CBEF9000274EB /* Department.swift */,
				323078C12B9F68240085DDCE /* SortType.swift */,
			);
			path = Models;
			sourceTree = "<group>";
		};
		32C090262B9C86B4000274EB /* Network */ = {
			isa = PBXGroup;
			children = (
				32C090342B9CB1BC000274EB /* Protocols */,
				32C090302B9CB1A8000274EB /* NetworkService.swift */,
				32C090322B9CB1B6000274EB /* Endpoint.swift */,
			);
			path = Network;
			sourceTree = "<group>";
		};
		32C090272B9C86CD000274EB /* Supplementary views */ = {
			isa = PBXGroup;
			children = (
				32C090462B9CE038000274EB /* ScopeButton.swift */,
				32C090482B9CE16B000274EB /* ScopeBar.swift */,
				32C0904C2B9D1DEF000274EB /* CustomSearchBar.swift */,
				323078BD2B9F5DCD0085DDCE /* SortButton.swift */,
			);
			path = "Supplementary views";
			sourceTree = "<group>";
		};
		32C090282B9C86ED000274EB /* Extensions */ = {
			isa = PBXGroup;
			children = (
				32C090402B9CD0AE000274EB /* UIVIew+Style.swift */,
				32C090422B9CD0E9000274EB /* Autolayout+PropertyWrapper.swift */,
			);
			path = Extensions;
			sourceTree = "<group>";
		};
		32C090292B9C873F000274EB /* Constants */ = {
			isa = PBXGroup;
			children = (
				32C0903A2B9CB2A8000274EB /* Constants.swift */,
			);
			path = Constants;
			sourceTree = "<group>";
		};
		32C090342B9CB1BC000274EB /* Protocols */ = {
			isa = PBXGroup;
			children = (
				32C090352B9CB1CF000274EB /* INetworkService.swift */,
				32C090382B9CB1E2000274EB /* IEndpoint.swift */,
			);
			path = Protocols;
			sourceTree = "<group>";
		};
/* End PBXGroup section */

/* Begin PBXNativeTarget section */
		32C090082B9C8536000274EB /* KODETest */ = {
			isa = PBXNativeTarget;
			buildConfigurationList = 32C0901D2B9C853A000274EB /* Build configuration list for PBXNativeTarget "KODETest" */;
			buildPhases = (
				32C090052B9C8536000274EB /* Sources */,
				32C090062B9C8536000274EB /* Frameworks */,
				32C090072B9C8536000274EB /* Resources */,
			);
			buildRules = (
			);
			dependencies = (
			);
			name = KODETest;
			productName = KODETest;
			productReference = 32C090092B9C8536000274EB /* KODETest.app */;
			productType = "com.apple.product-type.application";
		};
/* End PBXNativeTarget section */

/* Begin PBXProject section */
		32C090012B9C8536000274EB /* Project object */ = {
			isa = PBXProject;
			attributes = {
				BuildIndependentTargetsInParallel = 1;
				LastSwiftUpdateCheck = 1420;
				LastUpgradeCheck = 1420;
				TargetAttributes = {
					32C090082B9C8536000274EB = {
						CreatedOnToolsVersion = 14.2;
					};
				};
			};
			buildConfigurationList = 32C090042B9C8536000274EB /* Build configuration list for PBXProject "KODETest" */;
			compatibilityVersion = "Xcode 14.0";
			developmentRegion = en;
			hasScannedForEncodings = 0;
			knownRegions = (
				en,
				Base,
			);
			mainGroup = 32C090002B9C8536000274EB;
			productRefGroup = 32C0900A2B9C8536000274EB /* Products */;
			projectDirPath = "";
			projectRoot = "";
			targets = (
				32C090082B9C8536000274EB /* KODETest */,
			);
		};
/* End PBXProject section */

/* Begin PBXResourcesBuildPhase section */
		32C090072B9C8536000274EB /* Resources */ = {
			isa = PBXResourcesBuildPhase;
			buildActionMask = 2147483647;
			files = (
				32C090192B9C853A000274EB /* LaunchScreen.storyboard in Resources */,
				32C090162B9C853A000274EB /* Assets.xcassets in Resources */,
			);
			runOnlyForDeploymentPostprocessing = 0;
		};
/* End PBXResourcesBuildPhase section */

/* Begin PBXSourcesBuildPhase section */
		32C090052B9C8536000274EB /* Sources */ = {
			isa = PBXSourcesBuildPhase;
			buildActionMask = 2147483647;
			files = (
				323078BE2B9F5DCD0085DDCE /* SortButton.swift in Sources */,
				32C090312B9CB1A8000274EB /* NetworkService.swift in Sources */,
				323078C02B9F65680085DDCE /* SortViewController.swift in Sources */,
				32C090432B9CD0E9000274EB /* Autolayout+PropertyWrapper.swift in Sources */,
				32C0902F2B9CAE23000274EB /* User.swift in Sources */,
				32C090112B9C8536000274EB /* ListViewController.swift in Sources */,
				323078BC2B9F5C940085DDCE /* SortView.swift in Sources */,
				32C0900D2B9C8536000274EB /* AppDelegate.swift in Sources */,
				32C090392B9CB1E2000274EB /* IEndpoint.swift in Sources */,
				32C090332B9CB1B6000274EB /* Endpoint.swift in Sources */,
				32C090412B9CD0AE000274EB /* UIVIew+Style.swift in Sources */,
				32C090492B9CE16B000274EB /* ScopeBar.swift in Sources */,
				32C0900F2B9C8536000274EB /* SceneDelegate.swift in Sources */,
				323078C22B9F68240085DDCE /* SortType.swift in Sources */,
				32C090472B9CE038000274EB /* ScopeButton.swift in Sources */,
				323765BC2B9DF39300315C48 /* LoadingCell.swift in Sources */,
				323FB2522B9F2D54005D6292 /* ImageCache.swift in Sources */,
				323765C12B9E1BCE00315C48 /* UserDisplaying.swift in Sources */,
				32C0903D2B9CBEF9000274EB /* Department.swift in Sources */,
				32C0903F2B9CCF3F000274EB /* ListView.swift in Sources */,
				323FB2502B9F14D3005D6292 /* ErrorView.swift in Sources */,
				323765BE2B9E0EFE00315C48 /* UserCell.swift in Sources */,
				32C090362B9CB1CF000274EB /* INetworkService.swift in Sources */,
				32C0903B2B9CB2A8000274EB /* Constants.swift in Sources */,
				32C0904D2B9D1DEF000274EB /* CustomSearchBar.swift in Sources */,
			);
			runOnlyForDeploymentPostprocessing = 0;
		};
/* End PBXSourcesBuildPhase section */

/* Begin PBXVariantGroup section */
		32C090172B9C853A000274EB /* LaunchScreen.storyboard */ = {
			isa = PBXVariantGroup;
			children = (
				32C090182B9C853A000274EB /* Base */,
			);
			name = LaunchScreen.storyboard;
			sourceTree = "<group>";
		};
/* End PBXVariantGroup section */

/* Begin XCBuildConfiguration section */
		32C0901B2B9C853A000274EB /* Debug */ = {
			isa = XCBuildConfiguration;
			buildSettings = {
				ALWAYS_SEARCH_USER_PATHS = NO;
				CLANG_ANALYZER_NONNULL = YES;
				CLANG_ANALYZER_NUMBER_OBJECT_CONVERSION = YES_AGGRESSIVE;
				CLANG_CXX_LANGUAGE_STANDARD = "gnu++20";
				CLANG_ENABLE_MODULES = YES;
				CLANG_ENABLE_OBJC_ARC = YES;
				CLANG_ENABLE_OBJC_WEAK = YES;
				CLANG_WARN_BLOCK_CAPTURE_AUTORELEASING = YES;
				CLANG_WARN_BOOL_CONVERSION = YES;
				CLANG_WARN_COMMA = YES;
				CLANG_WARN_CONSTANT_CONVERSION = YES;
				CLANG_WARN_DEPRECATED_OBJC_IMPLEMENTATIONS = YES;
				CLANG_WARN_DIRECT_OBJC_ISA_USAGE = YES_ERROR;
				CLANG_WARN_DOCUMENTATION_COMMENTS = YES;
				CLANG_WARN_EMPTY_BODY = YES;
				CLANG_WARN_ENUM_CONVERSION = YES;
				CLANG_WARN_INFINITE_RECURSION = YES;
				CLANG_WARN_INT_CONVERSION = YES;
				CLANG_WARN_NON_LITERAL_NULL_CONVERSION = YES;
				CLANG_WARN_OBJC_IMPLICIT_RETAIN_SELF = YES;
				CLANG_WARN_OBJC_LITERAL_CONVERSION = YES;
				CLANG_WARN_OBJC_ROOT_CLASS = YES_ERROR;
				CLANG_WARN_QUOTED_INCLUDE_IN_FRAMEWORK_HEADER = YES;
				CLANG_WARN_RANGE_LOOP_ANALYSIS = YES;
				CLANG_WARN_STRICT_PROTOTYPES = YES;
				CLANG_WARN_SUSPICIOUS_MOVE = YES;
				CLANG_WARN_UNGUARDED_AVAILABILITY = YES_AGGRESSIVE;
				CLANG_WARN_UNREACHABLE_CODE = YES;
				CLANG_WARN__DUPLICATE_METHOD_MATCH = YES;
				COPY_PHASE_STRIP = NO;
				DEBUG_INFORMATION_FORMAT = dwarf;
				ENABLE_STRICT_OBJC_MSGSEND = YES;
				ENABLE_TESTABILITY = YES;
				GCC_C_LANGUAGE_STANDARD = gnu11;
				GCC_DYNAMIC_NO_PIC = NO;
				GCC_NO_COMMON_BLOCKS = YES;
				GCC_OPTIMIZATION_LEVEL = 0;
				GCC_PREPROCESSOR_DEFINITIONS = (
					"DEBUG=1",
					"$(inherited)",
				);
				GCC_WARN_64_TO_32_BIT_CONVERSION = YES;
				GCC_WARN_ABOUT_RETURN_TYPE = YES_ERROR;
				GCC_WARN_UNDECLARED_SELECTOR = YES;
				GCC_WARN_UNINITIALIZED_AUTOS = YES_AGGRESSIVE;
				GCC_WARN_UNUSED_FUNCTION = YES;
				GCC_WARN_UNUSED_VARIABLE = YES;
				IPHONEOS_DEPLOYMENT_TARGET = 15.0;
				MTL_ENABLE_DEBUG_INFO = INCLUDE_SOURCE;
				MTL_FAST_MATH = YES;
				ONLY_ACTIVE_ARCH = YES;
				SDKROOT = iphoneos;
				SWIFT_ACTIVE_COMPILATION_CONDITIONS = DEBUG;
				SWIFT_OPTIMIZATION_LEVEL = "-Onone";
			};
			name = Debug;
		};
		32C0901C2B9C853A000274EB /* Release */ = {
			isa = XCBuildConfiguration;
			buildSettings = {
				ALWAYS_SEARCH_USER_PATHS = NO;
				CLANG_ANALYZER_NONNULL = YES;
				CLANG_ANALYZER_NUMBER_OBJECT_CONVERSION = YES_AGGRESSIVE;
				CLANG_CXX_LANGUAGE_STANDARD = "gnu++20";
				CLANG_ENABLE_MODULES = YES;
				CLANG_ENABLE_OBJC_ARC = YES;
				CLANG_ENABLE_OBJC_WEAK = YES;
				CLANG_WARN_BLOCK_CAPTURE_AUTORELEASING = YES;
				CLANG_WARN_BOOL_CONVERSION = YES;
				CLANG_WARN_COMMA = YES;
				CLANG_WARN_CONSTANT_CONVERSION = YES;
				CLANG_WARN_DEPRECATED_OBJC_IMPLEMENTATIONS = YES;
				CLANG_WARN_DIRECT_OBJC_ISA_USAGE = YES_ERROR;
				CLANG_WARN_DOCUMENTATION_COMMENTS = YES;
				CLANG_WARN_EMPTY_BODY = YES;
				CLANG_WARN_ENUM_CONVERSION = YES;
				CLANG_WARN_INFINITE_RECURSION = YES;
				CLANG_WARN_INT_CONVERSION = YES;
				CLANG_WARN_NON_LITERAL_NULL_CONVERSION = YES;
				CLANG_WARN_OBJC_IMPLICIT_RETAIN_SELF = YES;
				CLANG_WARN_OBJC_LITERAL_CONVERSION = YES;
				CLANG_WARN_OBJC_ROOT_CLASS = YES_ERROR;
				CLANG_WARN_QUOTED_INCLUDE_IN_FRAMEWORK_HEADER = YES;
				CLANG_WARN_RANGE_LOOP_ANALYSIS = YES;
				CLANG_WARN_STRICT_PROTOTYPES = YES;
				CLANG_WARN_SUSPICIOUS_MOVE = YES;
				CLANG_WARN_UNGUARDED_AVAILABILITY = YES_AGGRESSIVE;
				CLANG_WARN_UNREACHABLE_CODE = YES;
				CLANG_WARN__DUPLICATE_METHOD_MATCH = YES;
				COPY_PHASE_STRIP = NO;
				DEBUG_INFORMATION_FORMAT = "dwarf-with-dsym";
				ENABLE_NS_ASSERTIONS = NO;
				ENABLE_STRICT_OBJC_MSGSEND = YES;
				GCC_C_LANGUAGE_STANDARD = gnu11;
				GCC_NO_COMMON_BLOCKS = YES;
				GCC_WARN_64_TO_32_BIT_CONVERSION = YES;
				GCC_WARN_ABOUT_RETURN_TYPE = YES_ERROR;
				GCC_WARN_UNDECLARED_SELECTOR = YES;
				GCC_WARN_UNINITIALIZED_AUTOS = YES_AGGRESSIVE;
				GCC_WARN_UNUSED_FUNCTION = YES;
				GCC_WARN_UNUSED_VARIABLE = YES;
				IPHONEOS_DEPLOYMENT_TARGET = 15.0;
				MTL_ENABLE_DEBUG_INFO = NO;
				MTL_FAST_MATH = YES;
				SDKROOT = iphoneos;
				SWIFT_COMPILATION_MODE = wholemodule;
				SWIFT_OPTIMIZATION_LEVEL = "-O";
				VALIDATE_PRODUCT = YES;
			};
			name = Release;
		};
		32C0901E2B9C853A000274EB /* Debug */ = {
			isa = XCBuildConfiguration;
			buildSettings = {
				ASSETCATALOG_COMPILER_APPICON_NAME = AppIcon;
				ASSETCATALOG_COMPILER_GLOBAL_ACCENT_COLOR_NAME = AccentColor;
				CODE_SIGN_STYLE = Automatic;
				CURRENT_PROJECT_VERSION = 1;
				DEVELOPMENT_TEAM = 4A3Z74ZVFC;
				GENERATE_INFOPLIST_FILE = YES;
				INFOPLIST_FILE = KODETest/Resources/Info.plist;
				INFOPLIST_KEY_UIApplicationSupportsIndirectInputEvents = YES;
				INFOPLIST_KEY_UILaunchStoryboardName = LaunchScreen;
				INFOPLIST_KEY_UISupportedInterfaceOrientations_iPad = "UIInterfaceOrientationPortrait UIInterfaceOrientationPortraitUpsideDown UIInterfaceOrientationLandscapeLeft UIInterfaceOrientationLandscapeRight";
				INFOPLIST_KEY_UISupportedInterfaceOrientations_iPhone = "UIInterfaceOrientationPortrait UIInterfaceOrientationLandscapeLeft UIInterfaceOrientationLandscapeRight";
				LD_RUNPATH_SEARCH_PATHS = (
					"$(inherited)",
					"@executable_path/Frameworks",
				);
				MARKETING_VERSION = 1.0;
				PRODUCT_BUNDLE_IDENTIFIER = exersice.com.KODETest;
				PRODUCT_NAME = "$(TARGET_NAME)";
				SWIFT_EMIT_LOC_STRINGS = YES;
				SWIFT_VERSION = 5.0;
				TARGETED_DEVICE_FAMILY = "1,2";
			};
			name = Debug;
		};
		32C0901F2B9C853A000274EB /* Release */ = {
			isa = XCBuildConfiguration;
			buildSettings = {
				ASSETCATALOG_COMPILER_APPICON_NAME = AppIcon;
				ASSETCATALOG_COMPILER_GLOBAL_ACCENT_COLOR_NAME = AccentColor;
				CODE_SIGN_STYLE = Automatic;
				CURRENT_PROJECT_VERSION = 1;
				DEVELOPMENT_TEAM = 4A3Z74ZVFC;
				GENERATE_INFOPLIST_FILE = YES;
				INFOPLIST_FILE = KODETest/Resources/Info.plist;
				INFOPLIST_KEY_UIApplicationSupportsIndirectInputEvents = YES;
				INFOPLIST_KEY_UILaunchStoryboardName = LaunchScreen;
				INFOPLIST_KEY_UISupportedInterfaceOrientations_iPad = "UIInterfaceOrientationPortrait UIInterfaceOrientationPortraitUpsideDown UIInterfaceOrientationLandscapeLeft UIInterfaceOrientationLandscapeRight";
				INFOPLIST_KEY_UISupportedInterfaceOrientations_iPhone = "UIInterfaceOrientationPortrait UIInterfaceOrientationLandscapeLeft UIInterfaceOrientationLandscapeRight";
				LD_RUNPATH_SEARCH_PATHS = (
					"$(inherited)",
					"@executable_path/Frameworks",
				);
				MARKETING_VERSION = 1.0;
				PRODUCT_BUNDLE_IDENTIFIER = exersice.com.KODETest;
				PRODUCT_NAME = "$(TARGET_NAME)";
				SWIFT_EMIT_LOC_STRINGS = YES;
				SWIFT_VERSION = 5.0;
				TARGETED_DEVICE_FAMILY = "1,2";
			};
			name = Release;
		};
/* End XCBuildConfiguration section */

/* Begin XCConfigurationList section */
		32C090042B9C8536000274EB /* Build configuration list for PBXProject "KODETest" */ = {
			isa = XCConfigurationList;
			buildConfigurations = (
				32C0901B2B9C853A000274EB /* Debug */,
				32C0901C2B9C853A000274EB /* Release */,
			);
			defaultConfigurationIsVisible = 0;
			defaultConfigurationName = Release;
		};
		32C0901D2B9C853A000274EB /* Build configuration list for PBXNativeTarget "KODETest" */ = {
			isa = XCConfigurationList;
			buildConfigurations = (
				32C0901E2B9C853A000274EB /* Debug */,
				32C0901F2B9C853A000274EB /* Release */,
			);
			defaultConfigurationIsVisible = 0;
			defaultConfigurationName = Release;
		};
/* End XCConfigurationList section */
	};
	rootObject = 32C090012B9C8536000274EB /* Project object */;
}
